// !$*UTF8*$!
{
	archiveVersion = 1;
	classes = {
	};
	objectVersion = 51;
	objects = {

/* Begin PBXBuildFile section */
		0004292B2A3FEF9F00414024 /* HomeViewController.m in Sources */ = {isa = PBXBuildFile; fileRef = 0004292A2A3FEF9F00414024 /* HomeViewController.m */; };
		0004292E2A3FF02500414024 /* UserLoginModel.m in Sources */ = {isa = PBXBuildFile; fileRef = 0004292D2A3FF02500414024 /* UserLoginModel.m */; };
		0004293B2A402DF900414024 /* UserInfViewController.m in Sources */ = {isa = PBXBuildFile; fileRef = 0004293A2A402DF900414024 /* UserInfViewController.m */; };
		007FC7D12A3B365100F638AD /* Main.storyboard in Resources */ = {isa = PBXBuildFile; fileRef = 4E8FF1FD2599A68800E7CA00 /* Main.storyboard */; };
		0095DC6F2A40B3B0000DD549 /* myUserData in Resources */ = {isa = PBXBuildFile; fileRef = 0095DC6E2A40B3AF000DD549 /* myUserData */; };
		0095DC7B2A412EC5000DD549 /* avatar09.png in Resources */ = {isa = PBXBuildFile; fileRef = 0095DC7A2A412EC5000DD549 /* avatar09.png */; };
		0095DC7D2A412ED0000DD549 /* kuohao.png in Resources */ = {isa = PBXBuildFile; fileRef = 0095DC7C2A412ED0000DD549 /* kuohao.png */; };
		0095DC842A412F36000DD549 /* bianji.png in Resources */ = {isa = PBXBuildFile; fileRef = 0095DC7E2A412F34000DD549 /* bianji.png */; };
		0095DC852A412F36000DD549 /* yanjing-2.png in Resources */ = {isa = PBXBuildFile; fileRef = 0095DC7F2A412F34000DD549 /* yanjing-2.png */; };
		0095DC862A412F36000DD549 /* yanjing.png in Resources */ = {isa = PBXBuildFile; fileRef = 0095DC802A412F35000DD549 /* yanjing.png */; };
		0095DC872A412F36000DD549 /* return.png in Resources */ = {isa = PBXBuildFile; fileRef = 0095DC812A412F35000DD549 /* return.png */; };
		0095DC882A412F36000DD549 /* xiaoxi.png in Resources */ = {isa = PBXBuildFile; fileRef = 0095DC822A412F36000DD549 /* xiaoxi.png */; };
		0095DC892A412F36000DD549 /* shouji.png in Resources */ = {isa = PBXBuildFile; fileRef = 0095DC832A412F36000DD549 /* shouji.png */; };
		00CCBCAC2A3C69E400CCCA82 /* libSMBaseComponent.a in Frameworks */ = {isa = PBXBuildFile; fileRef = 00CCBCAB2A3C69E400CCCA82 /* libSMBaseComponent.a */; };
		4E8FF1F62599A68800E7CA00 /* AppDelegate.m in Sources */ = {isa = PBXBuildFile; fileRef = 4E8FF1F52599A68800E7CA00 /* AppDelegate.m */; };
		4E8FF2012599A68A00E7CA00 /* Assets.xcassets in Resources */ = {isa = PBXBuildFile; fileRef = 4E8FF2002599A68A00E7CA00 /* Assets.xcassets */; };
		4E8FF2042599A68A00E7CA00 /* LaunchScreen.storyboard in Resources */ = {isa = PBXBuildFile; fileRef = 4E8FF2022599A68A00E7CA00 /* LaunchScreen.storyboard */; };
		4E8FF2072599A68A00E7CA00 /* main.m in Sources */ = {isa = PBXBuildFile; fileRef = 4E8FF2062599A68A00E7CA00 /* main.m */; };
		4E8FF2172599ACFF00E7CA00 /* LoginDemoViewController.m in Sources */ = {isa = PBXBuildFile; fileRef = 4E8FF2162599ACFF00E7CA00 /* LoginDemoViewController.m */; };
		4E8FF2202599AE2300E7CA00 /* AFHTTPRequestOperationManager+Util.m in Sources */ = {isa = PBXBuildFile; fileRef = 4E8FF21F2599AE2300E7CA00 /* AFHTTPRequestOperationManager+Util.m */; };
		9A792703C9537BAC2E4AB8E5 /* libPods-iOS_Learning_Demo1.a in Frameworks */ = {isa = PBXBuildFile; fileRef = D3F1F037CDA0DDAEA90239A8 /* libPods-iOS_Learning_Demo1.a */; };
/* End PBXBuildFile section */

/* Begin PBXFileReference section */
		000429292A3FEF9F00414024 /* HomeViewController.h */ = {isa = PBXFileReference; lastKnownFileType = sourcecode.c.h; path = HomeViewController.h; sourceTree = "<group>"; };
		0004292A2A3FEF9F00414024 /* HomeViewController.m */ = {isa = PBXFileReference; lastKnownFileType = sourcecode.c.objc; path = HomeViewController.m; sourceTree = "<group>"; };
		0004292C2A3FF02500414024 /* UserLoginModel.h */ = {isa = PBXFileReference; lastKnownFileType = sourcecode.c.h; path = UserLoginModel.h; sourceTree = "<group>"; };
		0004292D2A3FF02500414024 /* UserLoginModel.m */ = {isa = PBXFileReference; lastKnownFileType = sourcecode.c.objc; path = UserLoginModel.m; sourceTree = "<group>"; };
		000429392A402DF900414024 /* UserInfViewController.h */ = {isa = PBXFileReference; lastKnownFileType = sourcecode.c.h; path = UserInfViewController.h; sourceTree = "<group>"; };
		0004293A2A402DF900414024 /* UserInfViewController.m */ = {isa = PBXFileReference; lastKnownFileType = sourcecode.c.objc; path = UserInfViewController.m; sourceTree = "<group>"; };
		0095DC6E2A40B3AF000DD549 /* myUserData */ = {isa = PBXFileReference; lastKnownFileType = folder; name = myUserData; path = ../../../Library/myUserData; sourceTree = "<group>"; };
		0095DC7A2A412EC5000DD549 /* avatar09.png */ = {isa = PBXFileReference; lastKnownFileType = image.png; name = avatar09.png; path = ../../../Downloads/avatar09.png; sourceTree = "<group>"; };
		0095DC7C2A412ED0000DD549 /* kuohao.png */ = {isa = PBXFileReference; lastKnownFileType = image.png; name = kuohao.png; path = ../../../Downloads/kuohao.png; sourceTree = "<group>"; };
		0095DC7E2A412F34000DD549 /* bianji.png */ = {isa = PBXFileReference; lastKnownFileType = image.png; name = bianji.png; path = ../../../Downloads/bianji.png; sourceTree = "<group>"; };
		0095DC7F2A412F34000DD549 /* yanjing-2.png */ = {isa = PBXFileReference; lastKnownFileType = image.png; name = "yanjing-2.png"; path = "../../../Downloads/yanjing-2.png"; sourceTree = "<group>"; };
		0095DC802A412F35000DD549 /* yanjing.png */ = {isa = PBXFileReference; lastKnownFileType = image.png; name = yanjing.png; path = ../../../Downloads/yanjing.png; sourceTree = "<group>"; };
		0095DC812A412F35000DD549 /* return.png */ = {isa = PBXFileReference; lastKnownFileType = image.png; name = return.png; path = ../../../Downloads/return.png; sourceTree = "<group>"; };
		0095DC822A412F36000DD549 /* xiaoxi.png */ = {isa = PBXFileReference; lastKnownFileType = image.png; name = xiaoxi.png; path = ../../../Downloads/xiaoxi.png; sourceTree = "<group>"; };
		0095DC832A412F36000DD549 /* shouji.png */ = {isa = PBXFileReference; lastKnownFileType = image.png; name = shouji.png; path = ../../../Downloads/shouji.png; sourceTree = "<group>"; };
		00CCBCAB2A3C69E400CCCA82 /* libSMBaseComponent.a */ = {isa = PBXFileReference; lastKnownFileType = archive.ar; path = libSMBaseComponent.a; sourceTree = SOURCE_ROOT; };
		4E8FF1F12599A68800E7CA00 /* iOS_Learning_Demo1.app */ = {isa = PBXFileReference; explicitFileType = wrapper.application; includeInIndex = 0; path = iOS_Learning_Demo1.app; sourceTree = BUILT_PRODUCTS_DIR; };
		4E8FF1F42599A68800E7CA00 /* AppDelegate.h */ = {isa = PBXFileReference; lastKnownFileType = sourcecode.c.h; path = AppDelegate.h; sourceTree = "<group>"; };
		4E8FF1F52599A68800E7CA00 /* AppDelegate.m */ = {isa = PBXFileReference; lastKnownFileType = sourcecode.c.objc; path = AppDelegate.m; sourceTree = "<group>"; };
		4E8FF1FE2599A68800E7CA00 /* Base */ = {isa = PBXFileReference; lastKnownFileType = file.storyboard; name = Base; path = Base.lproj/Main.storyboard; sourceTree = "<group>"; };
		4E8FF2002599A68A00E7CA00 /* Assets.xcassets */ = {isa = PBXFileReference; lastKnownFileType = folder.assetcatalog; path = Assets.xcassets; sourceTree = "<group>"; };
		4E8FF2032599A68A00E7CA00 /* Base */ = {isa = PBXFileReference; lastKnownFileType = file.storyboard; name = Base; path = Base.lproj/LaunchScreen.storyboard; sourceTree = "<group>"; };
		4E8FF2052599A68A00E7CA00 /* Info.plist */ = {isa = PBXFileReference; lastKnownFileType = text.plist.xml; path = Info.plist; sourceTree = "<group>"; };
		4E8FF2062599A68A00E7CA00 /* main.m */ = {isa = PBXFileReference; lastKnownFileType = sourcecode.c.objc; path = main.m; sourceTree = "<group>"; };
		4E8FF2152599ACFF00E7CA00 /* LoginDemoViewController.h */ = {isa = PBXFileReference; lastKnownFileType = sourcecode.c.h; path = LoginDemoViewController.h; sourceTree = "<group>"; };
		4E8FF2162599ACFF00E7CA00 /* LoginDemoViewController.m */ = {isa = PBXFileReference; lastKnownFileType = sourcecode.c.objc; path = LoginDemoViewController.m; sourceTree = "<group>"; };
		4E8FF21E2599AE2300E7CA00 /* AFHTTPRequestOperationManager+Util.h */ = {isa = PBXFileReference; fileEncoding = 4; lastKnownFileType = sourcecode.c.h; path = "AFHTTPRequestOperationManager+Util.h"; sourceTree = "<group>"; };
		4E8FF21F2599AE2300E7CA00 /* AFHTTPRequestOperationManager+Util.m */ = {isa = PBXFileReference; fileEncoding = 4; lastKnownFileType = sourcecode.c.objc; path = "AFHTTPRequestOperationManager+Util.m"; sourceTree = "<group>"; };
		4E8FF2252599AF0700E7CA00 /* Demo_PrefixHeader.pch */ = {isa = PBXFileReference; lastKnownFileType = sourcecode.c.h; path = Demo_PrefixHeader.pch; sourceTree = "<group>"; };
		AF8BBF90C949EA0C3BAE0A9A /* Pods-iOS_Learning_Demo1.debug.xcconfig */ = {isa = PBXFileReference; includeInIndex = 1; lastKnownFileType = text.xcconfig; name = "Pods-iOS_Learning_Demo1.debug.xcconfig"; path = "Target Support Files/Pods-iOS_Learning_Demo1/Pods-iOS_Learning_Demo1.debug.xcconfig"; sourceTree = "<group>"; };
		D3F1F037CDA0DDAEA90239A8 /* libPods-iOS_Learning_Demo1.a */ = {isa = PBXFileReference; explicitFileType = archive.ar; includeInIndex = 0; path = "libPods-iOS_Learning_Demo1.a"; sourceTree = BUILT_PRODUCTS_DIR; };
		FBE5265EA0358ACEF230AEC6 /* Pods-iOS_Learning_Demo1.release.xcconfig */ = {isa = PBXFileReference; includeInIndex = 1; lastKnownFileType = text.xcconfig; name = "Pods-iOS_Learning_Demo1.release.xcconfig"; path = "Target Support Files/Pods-iOS_Learning_Demo1/Pods-iOS_Learning_Demo1.release.xcconfig"; sourceTree = "<group>"; };
/* End PBXFileReference section */

/* Begin PBXFrameworksBuildPhase section */
		4E8FF1EE2599A68800E7CA00 /* Frameworks */ = {
			isa = PBXFrameworksBuildPhase;
			buildActionMask = 2147483647;
			files = (
				00CCBCAC2A3C69E400CCCA82 /* libSMBaseComponent.a in Frameworks */,
				9A792703C9537BAC2E4AB8E5 /* libPods-iOS_Learning_Demo1.a in Frameworks */,
			);
			runOnlyForDeploymentPostprocessing = 0;
		};
/* End PBXFrameworksBuildPhase section */

/* Begin PBXGroup section */
		4E8FF1E82599A68800E7CA00 = {
			isa = PBXGroup;
			children = (
				0095DC7A2A412EC5000DD549 /* avatar09.png */,
				0095DC7E2A412F34000DD549 /* bianji.png */,
				0095DC7C2A412ED0000DD549 /* kuohao.png */,
				0095DC812A412F35000DD549 /* return.png */,
				0095DC832A412F36000DD549 /* shouji.png */,
				0095DC822A412F36000DD549 /* xiaoxi.png */,
				0095DC7F2A412F34000DD549 /* yanjing-2.png */,
				0095DC802A412F35000DD549 /* yanjing.png */,
				00CCBCAB2A3C69E400CCCA82 /* libSMBaseComponent.a */,
				0095DC6E2A40B3AF000DD549 /* myUserData */,
				4E8FF1F32599A68800E7CA00 /* iOS_Learning_Demo1 */,
				4E8FF1F22599A68800E7CA00 /* Products */,
				D2BBDB4799BC76E8C7F098F7 /* Pods */,
				FF587D4F4EDF3FD8FABBF545 /* Frameworks */,
			);
			sourceTree = "<group>";
		};
		4E8FF1F22599A68800E7CA00 /* Products */ = {
			isa = PBXGroup;
			children = (
				4E8FF1F12599A68800E7CA00 /* iOS_Learning_Demo1.app */,
			);
			name = Products;
			sourceTree = "<group>";
		};
		4E8FF1F32599A68800E7CA00 /* iOS_Learning_Demo1 */ = {
			isa = PBXGroup;
			children = (
				4E8FF2252599AF0700E7CA00 /* Demo_PrefixHeader.pch */,
				4E8FF2232599AEB900E7CA00 /* Network */,
				4E8FF2222599AE9C00E7CA00 /* Login */,
				4E8FF1F42599A68800E7CA00 /* AppDelegate.h */,
				4E8FF1F52599A68800E7CA00 /* AppDelegate.m */,
				000429292A3FEF9F00414024 /* HomeViewController.h */,
				0004292A2A3FEF9F00414024 /* HomeViewController.m */,
				000429392A402DF900414024 /* UserInfViewController.h */,
				0004293A2A402DF900414024 /* UserInfViewController.m */,
				0004292C2A3FF02500414024 /* UserLoginModel.h */,
				0004292D2A3FF02500414024 /* UserLoginModel.m */,
				4E8FF1FD2599A68800E7CA00 /* Main.storyboard */,
				4E8FF2002599A68A00E7CA00 /* Assets.xcassets */,
				4E8FF2022599A68A00E7CA00 /* LaunchScreen.storyboard */,
				4E8FF2052599A68A00E7CA00 /* Info.plist */,
				4E8FF2062599A68A00E7CA00 /* main.m */,
			);
			path = iOS_Learning_Demo1;
			sourceTree = "<group>";
		};
		4E8FF2222599AE9C00E7CA00 /* Login */ = {
			isa = PBXGroup;
			children = (
				4E8FF2152599ACFF00E7CA00 /* LoginDemoViewController.h */,
				4E8FF2162599ACFF00E7CA00 /* LoginDemoViewController.m */,
			);
			path = Login;
			sourceTree = "<group>";
		};
		4E8FF2232599AEB900E7CA00 /* Network */ = {
			isa = PBXGroup;
			children = (
				4E8FF21E2599AE2300E7CA00 /* AFHTTPRequestOperationManager+Util.h */,
				4E8FF21F2599AE2300E7CA00 /* AFHTTPRequestOperationManager+Util.m */,
			);
			path = Network;
			sourceTree = "<group>";
		};
		D2BBDB4799BC76E8C7F098F7 /* Pods */ = {
			isa = PBXGroup;
			children = (
				AF8BBF90C949EA0C3BAE0A9A /* Pods-iOS_Learning_Demo1.debug.xcconfig */,
				FBE5265EA0358ACEF230AEC6 /* Pods-iOS_Learning_Demo1.release.xcconfig */,
			);
			path = Pods;
			sourceTree = "<group>";
		};
		FF587D4F4EDF3FD8FABBF545 /* Frameworks */ = {
			isa = PBXGroup;
			children = (
				D3F1F037CDA0DDAEA90239A8 /* libPods-iOS_Learning_Demo1.a */,
			);
			name = Frameworks;
			sourceTree = "<group>";
		};
/* End PBXGroup section */

/* Begin PBXNativeTarget section */
		4E8FF1F02599A68800E7CA00 /* iOS_Learning_Demo1 */ = {
			isa = PBXNativeTarget;
			buildConfigurationList = 4E8FF20A2599A68A00E7CA00 /* Build configuration list for PBXNativeTarget "iOS_Learning_Demo1" */;
			buildPhases = (
				A4A03EB2BA7256D2E3BAB4DD /* [CP] Check Pods Manifest.lock */,
				4E8FF1ED2599A68800E7CA00 /* Sources */,
				4E8FF1EE2599A68800E7CA00 /* Frameworks */,
				4E8FF1EF2599A68800E7CA00 /* Resources */,
				59520F98E23D4B6D5EEAF020 /* [CP] Embed Pods Frameworks */,
				23AC744B38927AF64AEC8F5A /* [CP] Copy Pods Resources */,
			);
			buildRules = (
			);
			dependencies = (
			);
			name = iOS_Learning_Demo1;
			productName = iOS_Learning_Demo1;
			productReference = 4E8FF1F12599A68800E7CA00 /* iOS_Learning_Demo1.app */;
			productType = "com.apple.product-type.application";
		};
/* End PBXNativeTarget section */

/* Begin PBXProject section */
		4E8FF1E92599A68800E7CA00 /* Project object */ = {
			isa = PBXProject;
			attributes = {
				LastUpgradeCheck = 1200;
				TargetAttributes = {
					4E8FF1F02599A68800E7CA00 = {
						CreatedOnToolsVersion = 12.0.1;
					};
				};
			};
			buildConfigurationList = 4E8FF1EC2599A68800E7CA00 /* Build configuration list for PBXProject "iOS_Learning_Demo1" */;
			compatibilityVersion = "Xcode 9.3";
			developmentRegion = en;
			hasScannedForEncodings = 0;
			knownRegions = (
				en,
				Base,
			);
			mainGroup = 4E8FF1E82599A68800E7CA00;
			productRefGroup = 4E8FF1F22599A68800E7CA00 /* Products */;
			projectDirPath = "";
			projectRoot = "";
			targets = (
				4E8FF1F02599A68800E7CA00 /* iOS_Learning_Demo1 */,
			);
		};
/* End PBXProject section */

/* Begin PBXResourcesBuildPhase section */
		4E8FF1EF2599A68800E7CA00 /* Resources */ = {
			isa = PBXResourcesBuildPhase;
			buildActionMask = 2147483647;
			files = (
				007FC7D12A3B365100F638AD /* Main.storyboard in Resources */,
				0095DC6F2A40B3B0000DD549 /* myUserData in Resources */,
				0095DC7D2A412ED0000DD549 /* kuohao.png in Resources */,
				4E8FF2042599A68A00E7CA00 /* LaunchScreen.storyboard in Resources */,
				0095DC882A412F36000DD549 /* xiaoxi.png in Resources */,
				0095DC7B2A412EC5000DD549 /* avatar09.png in Resources */,
				0095DC842A412F36000DD549 /* bianji.png in Resources */,
				0095DC862A412F36000DD549 /* yanjing.png in Resources */,
				4E8FF2012599A68A00E7CA00 /* Assets.xcassets in Resources */,
				0095DC852A412F36000DD549 /* yanjing-2.png in Resources */,
				0095DC872A412F36000DD549 /* return.png in Resources */,
				0095DC892A412F36000DD549 /* shouji.png in Resources */,
			);
			runOnlyForDeploymentPostprocessing = 0;
		};
/* End PBXResourcesBuildPhase section */

/* Begin PBXShellScriptBuildPhase section */
		23AC744B38927AF64AEC8F5A /* [CP] Copy Pods Resources */ = {
			isa = PBXShellScriptBuildPhase;
			buildActionMask = 2147483647;
			files = (
			);
			inputFileListPaths = (
				"${PODS_ROOT}/Target Support Files/Pods-iOS_Learning_Demo1/Pods-iOS_Learning_Demo1-resources-${CONFIGURATION}-input-files.xcfilelist",
			);
			name = "[CP] Copy Pods Resources";
			outputFileListPaths = (
				"${PODS_ROOT}/Target Support Files/Pods-iOS_Learning_Demo1/Pods-iOS_Learning_Demo1-resources-${CONFIGURATION}-output-files.xcfilelist",
			);
			runOnlyForDeploymentPostprocessing = 0;
			shellPath = /bin/sh;
			shellScript = "\"${PODS_ROOT}/Target Support Files/Pods-iOS_Learning_Demo1/Pods-iOS_Learning_Demo1-resources.sh\"\n";
			showEnvVarsInLog = 0;
		};
		59520F98E23D4B6D5EEAF020 /* [CP] Embed Pods Frameworks */ = {
			isa = PBXShellScriptBuildPhase;
			buildActionMask = 2147483647;
			files = (
			);
			inputFileListPaths = (
				"${PODS_ROOT}/Target Support Files/Pods-iOS_Learning_Demo1/Pods-iOS_Learning_Demo1-frameworks-${CONFIGURATION}-input-files.xcfilelist",
			);
			name = "[CP] Embed Pods Frameworks";
			outputFileListPaths = (
				"${PODS_ROOT}/Target Support Files/Pods-iOS_Learning_Demo1/Pods-iOS_Learning_Demo1-frameworks-${CONFIGURATION}-output-files.xcfilelist",
			);
			runOnlyForDeploymentPostprocessing = 0;
			shellPath = /bin/sh;
			shellScript = "\"${PODS_ROOT}/Target Support Files/Pods-iOS_Learning_Demo1/Pods-iOS_Learning_Demo1-frameworks.sh\"\n";
			showEnvVarsInLog = 0;
		};
		A4A03EB2BA7256D2E3BAB4DD /* [CP] Check Pods Manifest.lock */ = {
			isa = PBXShellScriptBuildPhase;
			buildActionMask = 2147483647;
			files = (
			);
			inputFileListPaths = (
			);
			inputPaths = (
				"${PODS_PODFILE_DIR_PATH}/Podfile.lock",
				"${PODS_ROOT}/Manifest.lock",
			);
			name = "[CP] Check Pods Manifest.lock";
			outputFileListPaths = (
			);
			outputPaths = (
				"$(DERIVED_FILE_DIR)/Pods-iOS_Learning_Demo1-checkManifestLockResult.txt",
			);
			runOnlyForDeploymentPostprocessing = 0;
			shellPath = /bin/sh;
			shellScript = "diff \"${PODS_PODFILE_DIR_PATH}/Podfile.lock\" \"${PODS_ROOT}/Manifest.lock\" > /dev/null\nif [ $? != 0 ] ; then\n    # print error to STDERR\n    echo \"error: The sandbox is not in sync with the Podfile.lock. Run 'pod install' or update your CocoaPods installation.\" >&2\n    exit 1\nfi\n# This output is used by Xcode 'outputs' to avoid re-running this script phase.\necho \"SUCCESS\" > \"${SCRIPT_OUTPUT_FILE_0}\"\n";
			showEnvVarsInLog = 0;
		};
/* End PBXShellScriptBuildPhase section */

/* Begin PBXSourcesBuildPhase section */
		4E8FF1ED2599A68800E7CA00 /* Sources */ = {
			isa = PBXSourcesBuildPhase;
			buildActionMask = 2147483647;
			files = (
				4E8FF2202599AE2300E7CA00 /* AFHTTPRequestOperationManager+Util.m in Sources */,
				4E8FF1F62599A68800E7CA00 /* AppDelegate.m in Sources */,
				0004293B2A402DF900414024 /* UserInfViewController.m in Sources */,
				0004292E2A3FF02500414024 /* UserLoginModel.m in Sources */,
				4E8FF2072599A68A00E7CA00 /* main.m in Sources */,
				0004292B2A3FEF9F00414024 /* HomeViewController.m in Sources */,
				4E8FF2172599ACFF00E7CA00 /* LoginDemoViewController.m in Sources */,
			);
			runOnlyForDeploymentPostprocessing = 0;
		};
/* End PBXSourcesBuildPhase section */

/* Begin PBXVariantGroup section */
		4E8FF1FD2599A68800E7CA00 /* Main.storyboard */ = {
			isa = PBXVariantGroup;
			children = (
				4E8FF1FE2599A68800E7CA00 /* Base */,
			);
			name = Main.storyboard;
			sourceTree = "<group>";
		};
		4E8FF2022599A68A00E7CA00 /* LaunchScreen.storyboard */ = {
			isa = PBXVariantGroup;
			children = (
				4E8FF2032599A68A00E7CA00 /* Base */,
			);
			name = LaunchScreen.storyboard;
			sourceTree = "<group>";
		};
/* End PBXVariantGroup section */

/* Begin XCBuildConfiguration section */
		4E8FF2082599A68A00E7CA00 /* Debug */ = {
			isa = XCBuildConfiguration;
			buildSettings = {
				ALWAYS_SEARCH_USER_PATHS = NO;
				CLANG_ANALYZER_NONNULL = YES;
				CLANG_ANALYZER_NUMBER_OBJECT_CONVERSION = YES_AGGRESSIVE;
				CLANG_CXX_LANGUAGE_STANDARD = "gnu++14";
				CLANG_CXX_LIBRARY = "libc++";
				CLANG_ENABLE_MODULES = YES;
				CLANG_ENABLE_OBJC_ARC = YES;
				CLANG_ENABLE_OBJC_WEAK = YES;
				CLANG_WARN_BLOCK_CAPTURE_AUTORELEASING = YES;
				CLANG_WARN_BOOL_CONVERSION = YES;
				CLANG_WARN_COMMA = YES;
				CLANG_WARN_CONSTANT_CONVERSION = YES;
				CLANG_WARN_DEPRECATED_OBJC_IMPLEMENTATIONS = YES;
				CLANG_WARN_DIRECT_OBJC_ISA_USAGE = YES_ERROR;
				CLANG_WARN_DOCUMENTATION_COMMENTS = YES;
				CLANG_WARN_EMPTY_BODY = YES;
				CLANG_WARN_ENUM_CONVERSION = YES;
				CLANG_WARN_INFINITE_RECURSION = YES;
				CLANG_WARN_INT_CONVERSION = YES;
				CLANG_WARN_NON_LITERAL_NULL_CONVERSION = YES;
				CLANG_WARN_OBJC_IMPLICIT_RETAIN_SELF = YES;
				CLANG_WARN_OBJC_LITERAL_CONVERSION = YES;
				CLANG_WARN_OBJC_ROOT_CLASS = YES_ERROR;
				CLANG_WARN_QUOTED_INCLUDE_IN_FRAMEWORK_HEADER = YES;
				CLANG_WARN_RANGE_LOOP_ANALYSIS = YES;
				CLANG_WARN_STRICT_PROTOTYPES = YES;
				CLANG_WARN_SUSPICIOUS_MOVE = YES;
				CLANG_WARN_UNGUARDED_AVAILABILITY = YES_AGGRESSIVE;
				CLANG_WARN_UNREACHABLE_CODE = YES;
				CLANG_WARN__DUPLICATE_METHOD_MATCH = YES;
				COPY_PHASE_STRIP = NO;
				DEBUG_INFORMATION_FORMAT = dwarf;
				ENABLE_STRICT_OBJC_MSGSEND = YES;
				ENABLE_TESTABILITY = YES;
				GCC_C_LANGUAGE_STANDARD = gnu11;
				GCC_DYNAMIC_NO_PIC = NO;
				GCC_NO_COMMON_BLOCKS = YES;
				GCC_OPTIMIZATION_LEVEL = 0;
				GCC_PREPROCESSOR_DEFINITIONS = (
					"DEBUG=1",
					"$(inherited)",
				);
				GCC_WARN_64_TO_32_BIT_CONVERSION = YES;
				GCC_WARN_ABOUT_RETURN_TYPE = YES_ERROR;
				GCC_WARN_UNDECLARED_SELECTOR = YES;
				GCC_WARN_UNINITIALIZED_AUTOS = YES_AGGRESSIVE;
				GCC_WARN_UNUSED_FUNCTION = YES;
				GCC_WARN_UNUSED_VARIABLE = YES;
				IPHONEOS_DEPLOYMENT_TARGET = 14.0;
				MTL_ENABLE_DEBUG_INFO = INCLUDE_SOURCE;
				MTL_FAST_MATH = YES;
				NEW_SETTING = "";
				ONLY_ACTIVE_ARCH = YES;
				SDKROOT = iphoneos;
			};
			name = Debug;
		};
		4E8FF2092599A68A00E7CA00 /* Release */ = {
			isa = XCBuildConfiguration;
			buildSettings = {
				ALWAYS_SEARCH_USER_PATHS = NO;
				CLANG_ANALYZER_NONNULL = YES;
				CLANG_ANALYZER_NUMBER_OBJECT_CONVERSION = YES_AGGRESSIVE;
				CLANG_CXX_LANGUAGE_STANDARD = "gnu++14";
				CLANG_CXX_LIBRARY = "libc++";
				CLANG_ENABLE_MODULES = YES;
				CLANG_ENABLE_OBJC_ARC = YES;
				CLANG_ENABLE_OBJC_WEAK = YES;
				CLANG_WARN_BLOCK_CAPTURE_AUTORELEASING = YES;
				CLANG_WARN_BOOL_CONVERSION = YES;
				CLANG_WARN_COMMA = YES;
				CLANG_WARN_CONSTANT_CONVERSION = YES;
				CLANG_WARN_DEPRECATED_OBJC_IMPLEMENTATIONS = YES;
				CLANG_WARN_DIRECT_OBJC_ISA_USAGE = YES_ERROR;
				CLANG_WARN_DOCUMENTATION_COMMENTS = YES;
				CLANG_WARN_EMPTY_BODY = YES;
				CLANG_WARN_ENUM_CONVERSION = YES;
				CLANG_WARN_INFINITE_RECURSION = YES;
				CLANG_WARN_INT_CONVERSION = YES;
				CLANG_WARN_NON_LITERAL_NULL_CONVERSION = YES;
				CLANG_WARN_OBJC_IMPLICIT_RETAIN_SELF = YES;
				CLANG_WARN_OBJC_LITERAL_CONVERSION = YES;
				CLANG_WARN_OBJC_ROOT_CLASS = YES_ERROR;
				CLANG_WARN_QUOTED_INCLUDE_IN_FRAMEWORK_HEADER = YES;
				CLANG_WARN_RANGE_LOOP_ANALYSIS = YES;
				CLANG_WARN_STRICT_PROTOTYPES = YES;
				CLANG_WARN_SUSPICIOUS_MOVE = YES;
				CLANG_WARN_UNGUARDED_AVAILABILITY = YES_AGGRESSIVE;
				CLANG_WARN_UNREACHABLE_CODE = YES;
				CLANG_WARN__DUPLICATE_METHOD_MATCH = YES;
				COPY_PHASE_STRIP = NO;
				DEBUG_INFORMATION_FORMAT = "dwarf-with-dsym";
				ENABLE_NS_ASSERTIONS = NO;
				ENABLE_STRICT_OBJC_MSGSEND = YES;
				GCC_C_LANGUAGE_STANDARD = gnu11;
				GCC_NO_COMMON_BLOCKS = YES;
				GCC_WARN_64_TO_32_BIT_CONVERSION = YES;
				GCC_WARN_ABOUT_RETURN_TYPE = YES_ERROR;
				GCC_WARN_UNDECLARED_SELECTOR = YES;
				GCC_WARN_UNINITIALIZED_AUTOS = YES_AGGRESSIVE;
				GCC_WARN_UNUSED_FUNCTION = YES;
				GCC_WARN_UNUSED_VARIABLE = YES;
				IPHONEOS_DEPLOYMENT_TARGET = 14.0;
				MTL_ENABLE_DEBUG_INFO = NO;
				MTL_FAST_MATH = YES;
				NEW_SETTING = "";
				SDKROOT = iphoneos;
				VALIDATE_PRODUCT = YES;
			};
			name = Release;
		};
		4E8FF20B2599A68A00E7CA00 /* Debug */ = {
			isa = XCBuildConfiguration;
			baseConfigurationReference = AF8BBF90C949EA0C3BAE0A9A /* Pods-iOS_Learning_Demo1.debug.xcconfig */;
			buildSettings = {
				ASSETCATALOG_COMPILER_APPICON_NAME = AppIcon;
				ASSETCATALOG_COMPILER_GLOBAL_ACCENT_COLOR_NAME = AccentColor;
				CODE_SIGN_STYLE = Automatic;
				DEVELOPMENT_TEAM = 5QVBCDQS87;
				ENABLE_BITCODE = NO;
				GCC_PRECOMPILE_PREFIX_HEADER = YES;
				GCC_PREFIX_HEADER = iOS_Learning_Demo1/Demo_PrefixHeader.pch;
				INFOPLIST_FILE = iOS_Learning_Demo1/Info.plist;
				IPHONEOS_DEPLOYMENT_TARGET = 9.0;
				LD_RUNPATH_SEARCH_PATHS = (
					"$(inherited)",
					"@executable_path/Frameworks",
				);
				LIBRARY_SEARCH_PATHS = (
					"$(inherited)",
					"$(PROJECT_DIR)/build/Debug-iphonesimulator/SMBaseComponent",
				);
				PRODUCT_BUNDLE_IDENTIFIER = "smwl.iOS-Learning-Demo1";
				PRODUCT_NAME = "$(TARGET_NAME)";
				TARGETED_DEVICE_FAMILY = "1,2";
			};
			name = Debug;
		};
		4E8FF20C2599A68A00E7CA00 /* Release */ = {
			isa = XCBuildConfiguration;
			baseConfigurationReference = FBE5265EA0358ACEF230AEC6 /* Pods-iOS_Learning_Demo1.release.xcconfig */;
			buildSettings = {
				ASSETCATALOG_COMPILER_APPICON_NAME = AppIcon;
				ASSETCATALOG_COMPILER_GLOBAL_ACCENT_COLOR_NAME = AccentColor;
				CODE_SIGN_STYLE = Automatic;
				DEVELOPMENT_TEAM = 5QVBCDQS87;
				ENABLE_BITCODE = NO;
				GCC_PRECOMPILE_PREFIX_HEADER = YES;
				GCC_PREFIX_HEADER = iOS_Learning_Demo1/Demo_PrefixHeader.pch;
				INFOPLIST_FILE = iOS_Learning_Demo1/Info.plist;
				IPHONEOS_DEPLOYMENT_TARGET = 9.0;
				LD_RUNPATH_SEARCH_PATHS = (
					"$(inherited)",
					"@executable_path/Frameworks",
				);
				LIBRARY_SEARCH_PATHS = (
					"$(inherited)",
					"$(PROJECT_DIR)/build/Debug-iphonesimulator/SMBaseComponent",
				);
				PRODUCT_BUNDLE_IDENTIFIER = "smwl.iOS-Learning-Demo1";
				PRODUCT_NAME = "$(TARGET_NAME)";
				TARGETED_DEVICE_FAMILY = "1,2";
			};
			name = Release;
		};
/* End XCBuildConfiguration section */

/* Begin XCConfigurationList section */
		4E8FF1EC2599A68800E7CA00 /* Build configuration list for PBXProject "iOS_Learning_Demo1" */ = {
			isa = XCConfigurationList;
			buildConfigurations = (
				4E8FF2082599A68A00E7CA00 /* Debug */,
				4E8FF2092599A68A00E7CA00 /* Release */,
			);
			defaultConfigurationIsVisible = 0;
			defaultConfigurationName = Release;
		};
		4E8FF20A2599A68A00E7CA00 /* Build configuration list for PBXNativeTarget "iOS_Learning_Demo1" */ = {
			isa = XCConfigurationList;
			buildConfigurations = (
				4E8FF20B2599A68A00E7CA00 /* Debug */,
				4E8FF20C2599A68A00E7CA00 /* Release */,
			);
			defaultConfigurationIsVisible = 0;
			defaultConfigurationName = Release;
		};
/* End XCConfigurationList section */
	};
	rootObject = 4E8FF1E92599A68800E7CA00 /* Project object */;
}
